
Microsoft Visual Studio Solution File, Format Version 12.00
# Visual Studio 15
Project("{FAE04EC0-301F-11D3-BF4B-00C04F79EFBC}") = "GTC", "GTC\GTC.csproj", "{D3071321-97F9-42DA-989B-FD9BE0D4CE07}"
EndProject
Project("{FAE04EC0-301F-11D3-BF4B-00C04F79EFBC}") = "NoCallMerge", "NoCallMerge\NoCallMerge.csproj", "{58A684D1-9E15-41A4-B738-09245FD02F44}"
EndProject
Project("{FAE04EC0-301F-11D3-BF4B-00C04F79EFBC}") = "Plink", "Plink\Plink.csproj", "{4D45F9FD-3235-412A-9223-528E504AC4CA}"
EndProject
Project("{FAE04EC0-301F-11D3-BF4B-00C04F79EFBC}") = "QC", "QC\QC.csproj", "{20E3AA9D-7F1F-4E30-8B39-8C20167FDA55}"
EndProject
Project("{FAE04EC0-301F-11D3-BF4B-00C04F79EFBC}") = "S3", "S3\S3.csproj", "{0F233FD0-1975-44D7-B326-74C47E0B780D}"
EndProject
Project("{FAE04EC0-301F-11D3-BF4B-00C04F79EFBC}") = "Test", "Test\Test.csproj", "{39DBBD31-D16C-4902-994A-21AB57B90001}"
EndProject
Project("{FAE04EC0-301F-11D3-BF4B-00C04F79EFBC}") = "Preference", "Preference\Preference.csproj", "{C5F7E91D-E26C-4ED7-B8DA-9076E4E7E1D0}"
EndProject
Project("{2150E333-8FDC-42A3-9474-1A3956D46DE8}") = "Solution Items", "Solution Items", "{2F78DC52-ED10-47C1-B29A-303628524059}"
	ProjectSection(SolutionItems) = preProject
		DefaultUserPermission.json = DefaultUserPermission.json
	EndProjectSection
EndProject
Project("{9344BDBB-3E7F-41FC-A0DD-8665D75EE146}") = "AWS_CLI", "AWS_CLI\AWS_CLI.mdproj", "{A0D89FDC-D204-44D9-8D80-63FE29A8ACD0}"
EndProject
Project("{FAE04EC0-301F-11D3-BF4B-00C04F79EFBC}") = "GTCToPlinkS3Lambda", "GTCToPlinkS3Lambda\GTCToPlinkS3Lambda.csproj", "{E2C2E7C5-6776-4812-9966-0E2945580518}"
EndProject
Project("{FAE04EC0-301F-11D3-BF4B-00C04F79EFBC}") = "Dynamo", "Dynamo\Dynamo.csproj", "{BAB5D4EC-E600-4551-B0FA-AF0559169B55}"
EndProject
Project("{FAE04EC0-301F-11D3-BF4B-00C04F79EFBC}") = "GTCToPlinkS3APILambda", "GTCToPlinkS3APILambda\GTCToPlinkS3APILambda.csproj", "{5BD97091-E9BB-4C98-A885-7797B4568AA7}"
EndProject
Project("{FAE04EC0-301F-11D3-BF4B-00C04F79EFBC}") = "SimulationMeta", "SimulationMeta\SimulationMeta.csproj", "{46F73CC3-6F28-488E-9966-BEC260830353}"
EndProject
Project("{FAE04EC0-301F-11D3-BF4B-00C04F79EFBC}") = "Simulation", "Simulation\Simulation.csproj", "{46611271-DF61-4A1D-BE32-04C2DA3DF9E1}"
EndProject
Project("{FAE04EC0-301F-11D3-BF4B-00C04F79EFBC}") = "SimulationAPILambda", "SimulationAPILambda\SimulationAPILambda.csproj", "{70460919-0FDB-46E1-BFBA-201BD4A42479}"
EndProject
Project("{FAE04EC0-301F-11D3-BF4B-00C04F79EFBC}") = "BPMToBIMLambda", "BPMToBIMLambda\BPMToBIMLambda.csproj", "{7B62D336-262B-4361-BB22-29FC8C9CD5A2}"
EndProject
Project("{FAE04EC0-301F-11D3-BF4B-00C04F79EFBC}") = "BPMToBIMAPILambda", "BPMToBIMAPILambda\BPMToBIMAPILambda.csproj", "{851F9E0A-DD47-49C3-9FE3-8A6409DC5409}"
EndProject
Project("{FAE04EC0-301F-11D3-BF4B-00C04F79EFBC}") = "SurveySimulation", "SurveySimulation\SurveySimulation.csproj", "{C6B40123-83F4-40DC-8547-AE480622ECDA}"
EndProject
Project("{FAE04EC0-301F-11D3-BF4B-00C04F79EFBC}") = "SurveySimulationAPILambda", "SurveySimulationAPILambda\SurveySimulationAPILambda.csproj", "{FB32DE22-C02F-41DD-9F6E-2A2676ECBBC6}"
EndProject
Project("{FAE04EC0-301F-11D3-BF4B-00C04F79EFBC}") = "CalculateResult", "CalculateResult\CalculateResult.csproj", "{0587E330-CF98-489B-A810-427CCDE3D49C}"
EndProject
Project("{FAE04EC0-301F-11D3-BF4B-00C04F79EFBC}") = "PlinkS3", "PlinkS3\PlinkS3.csproj", "{AFFF2B2A-7875-4476-BCE7-57F6AB1635D2}"
EndProject
Project("{FAE04EC0-301F-11D3-BF4B-00C04F79EFBC}") = "Chain", "Chain\Chain.csproj", "{31BE9591-F959-4E1D-825A-F353886A5FB1}"
EndProject
Project("{FAE04EC0-301F-11D3-BF4B-00C04F79EFBC}") = "LiftOver", "LiftOver\LiftOver.csproj", "{8125BC9B-AA79-47EA-A4E6-2C2E10683802}"
EndProject
Project("{FAE04EC0-301F-11D3-BF4B-00C04F79EFBC}") = "LiftOverAPILambda", "LiftOverAPILambda\LiftOverAPILambda.csproj", "{0789B59D-51D3-4BA2-A60F-E1B91F075109}"
EndProject
Project("{FAE04EC0-301F-11D3-BF4B-00C04F79EFBC}") = "SimulationResult", "SimulationResult\SimulationResult.csproj", "{36A13F7B-A3A3-4DFA-BAD8-96568DBB1240}"
EndProject
Project("{FAE04EC0-301F-11D3-BF4B-00C04F79EFBC}") = "BPMUtils", "BPMUtils\BPMUtils.csproj", "{B97859B9-FA0F-4715-A9C6-A2CCF79C6DA2}"
EndProject
Project("{FAE04EC0-301F-11D3-BF4B-00C04F79EFBC}") = "GTCUtils", "GTCUtils\GTCUtils.csproj", "{72F4F15A-C215-4062-B93B-DF8934324EA2}"
EndProject
Project("{FAE04EC0-301F-11D3-BF4B-00C04F79EFBC}") = "LDUtils", "LDUtils\LDUtils.csproj", "{CC5BC42A-033A-4D93-B4C0-5180201E3641}"
EndProject
Project("{FAE04EC0-301F-11D3-BF4B-00C04F79EFBC}") = "GTCToPlink", "GTCToPlink\GTCToPlink.csproj", "{C694232F-40DD-4063-9E91-2832FAE5E993}"
EndProject
Project("{FAE04EC0-301F-11D3-BF4B-00C04F79EFBC}") = "GTCToPlinkS3", "GTCToPlinkS3\GTCToPlinkS3.csproj", "{9EE11D46-2C64-4AC7-B16C-3439669090DB}"
EndProject
Project("{FAE04EC0-301F-11D3-BF4B-00C04F79EFBC}") = "SurveySimulationDynamoLambda", "SurveySimulationDynamoLambda\SurveySimulationDynamoLambda.csproj", "{F35E89FC-B5F9-4D15-9B97-7ADB782EB1AA}"
EndProject
Project("{FAE04EC0-301F-11D3-BF4B-00C04F79EFBC}") = "CalculateGeneticRiskLambda", "CalculateGeneticRiskLambda\CalculateGeneticRiskLambda.csproj", "{284FC83C-307D-409B-BECA-5AE1E65EAF50}"
EndProject
Project("{FAE04EC0-301F-11D3-BF4B-00C04F79EFBC}") = "GenotypeSimulationLambda", "GenotypeSimulationLambda\GenotypeSimulationLambda.csproj", "{08F0194D-E1CE-441D-B9E0-7A1157A14585}"
EndProject
Project("{FAE04EC0-301F-11D3-BF4B-00C04F79EFBC}") = "Meta", "Meta\Meta.csproj", "{1A0E1FA6-23C9-45BC-AEF5-625C43DDAA22}"
EndProject
Project("{FAE04EC0-301F-11D3-BF4B-00C04F79EFBC}") = "ListTraitAPILambda", "ListTraitAPILambda\ListTraitAPILambda.csproj", "{87FC949C-B08F-4D5C-BD94-2EBFCC10156E}"
EndProject
Project("{FAE04EC0-301F-11D3-BF4B-00C04F79EFBC}") = "GTCSampleNameChangeAPILambda", "GTCSampleNameChangeAPILambda\GTCSampleNameChangeAPILambda.csproj", "{90678D17-8A69-43AD-95C3-09DE4503A1BC}"
EndProject
Project("{FAE04EC0-301F-11D3-BF4B-00C04F79EFBC}") = "WriteProgress", "WriteProgress\WriteProgress.csproj", "{561559FD-6502-4E90-B86E-03578DDA9099}"
EndProject
Global
	GlobalSection(SolutionConfigurationPlatforms) = preSolution
		Debug|Any CPU = Debug|Any CPU
		Release|Any CPU = Release|Any CPU
		Default|Any CPU = Default|Any CPU
	EndGlobalSection
	GlobalSection(ProjectConfigurationPlatforms) = postSolution
		{D3071321-97F9-42DA-989B-FD9BE0D4CE07}.Debug|Any CPU.ActiveCfg = Debug|Any CPU
		{D3071321-97F9-42DA-989B-FD9BE0D4CE07}.Debug|Any CPU.Build.0 = Debug|Any CPU
		{D3071321-97F9-42DA-989B-FD9BE0D4CE07}.Release|Any CPU.ActiveCfg = Release|Any CPU
		{D3071321-97F9-42DA-989B-FD9BE0D4CE07}.Release|Any CPU.Build.0 = Release|Any CPU
		{D3071321-97F9-42DA-989B-FD9BE0D4CE07}.Default|Any CPU.ActiveCfg = Debug|Any CPU
		{D3071321-97F9-42DA-989B-FD9BE0D4CE07}.Default|Any CPU.Build.0 = Debug|Any CPU
		{58A684D1-9E15-41A4-B738-09245FD02F44}.Debug|Any CPU.ActiveCfg = Debug|Any CPU
		{58A684D1-9E15-41A4-B738-09245FD02F44}.Debug|Any CPU.Build.0 = Debug|Any CPU
		{58A684D1-9E15-41A4-B738-09245FD02F44}.Release|Any CPU.ActiveCfg = Release|Any CPU
		{58A684D1-9E15-41A4-B738-09245FD02F44}.Release|Any CPU.Build.0 = Release|Any CPU
		{58A684D1-9E15-41A4-B738-09245FD02F44}.Default|Any CPU.ActiveCfg = Debug|Any CPU
		{58A684D1-9E15-41A4-B738-09245FD02F44}.Default|Any CPU.Build.0 = Debug|Any CPU
		{4D45F9FD-3235-412A-9223-528E504AC4CA}.Debug|Any CPU.ActiveCfg = Debug|Any CPU
		{4D45F9FD-3235-412A-9223-528E504AC4CA}.Debug|Any CPU.Build.0 = Debug|Any CPU
		{4D45F9FD-3235-412A-9223-528E504AC4CA}.Release|Any CPU.ActiveCfg = Release|Any CPU
		{4D45F9FD-3235-412A-9223-528E504AC4CA}.Release|Any CPU.Build.0 = Release|Any CPU
		{4D45F9FD-3235-412A-9223-528E504AC4CA}.Default|Any CPU.ActiveCfg = Debug|Any CPU
		{4D45F9FD-3235-412A-9223-528E504AC4CA}.Default|Any CPU.Build.0 = Debug|Any CPU
		{20E3AA9D-7F1F-4E30-8B39-8C20167FDA55}.Debug|Any CPU.ActiveCfg = Debug|Any CPU
		{20E3AA9D-7F1F-4E30-8B39-8C20167FDA55}.Debug|Any CPU.Build.0 = Debug|Any CPU
		{20E3AA9D-7F1F-4E30-8B39-8C20167FDA55}.Release|Any CPU.ActiveCfg = Release|Any CPU
		{20E3AA9D-7F1F-4E30-8B39-8C20167FDA55}.Release|Any CPU.Build.0 = Release|Any CPU
		{20E3AA9D-7F1F-4E30-8B39-8C20167FDA55}.Default|Any CPU.ActiveCfg = Debug|Any CPU
		{20E3AA9D-7F1F-4E30-8B39-8C20167FDA55}.Default|Any CPU.Build.0 = Debug|Any CPU
		{0F233FD0-1975-44D7-B326-74C47E0B780D}.Debug|Any CPU.ActiveCfg = Debug|Any CPU
		{0F233FD0-1975-44D7-B326-74C47E0B780D}.Debug|Any CPU.Build.0 = Debug|Any CPU
		{0F233FD0-1975-44D7-B326-74C47E0B780D}.Release|Any CPU.ActiveCfg = Release|Any CPU
		{0F233FD0-1975-44D7-B326-74C47E0B780D}.Release|Any CPU.Build.0 = Release|Any CPU
		{0F233FD0-1975-44D7-B326-74C47E0B780D}.Default|Any CPU.ActiveCfg = Debug|Any CPU
		{0F233FD0-1975-44D7-B326-74C47E0B780D}.Default|Any CPU.Build.0 = Debug|Any CPU
		{39DBBD31-D16C-4902-994A-21AB57B90001}.Debug|Any CPU.ActiveCfg = Debug|Any CPU
		{39DBBD31-D16C-4902-994A-21AB57B90001}.Debug|Any CPU.Build.0 = Debug|Any CPU
		{39DBBD31-D16C-4902-994A-21AB57B90001}.Release|Any CPU.ActiveCfg = Release|Any CPU
		{39DBBD31-D16C-4902-994A-21AB57B90001}.Release|Any CPU.Build.0 = Release|Any CPU
		{39DBBD31-D16C-4902-994A-21AB57B90001}.Default|Any CPU.ActiveCfg = Debug|Any CPU
		{39DBBD31-D16C-4902-994A-21AB57B90001}.Default|Any CPU.Build.0 = Debug|Any CPU
		{C5F7E91D-E26C-4ED7-B8DA-9076E4E7E1D0}.Debug|Any CPU.ActiveCfg = Debug|Any CPU
		{C5F7E91D-E26C-4ED7-B8DA-9076E4E7E1D0}.Debug|Any CPU.Build.0 = Debug|Any CPU
		{C5F7E91D-E26C-4ED7-B8DA-9076E4E7E1D0}.Release|Any CPU.ActiveCfg = Release|Any CPU
		{C5F7E91D-E26C-4ED7-B8DA-9076E4E7E1D0}.Release|Any CPU.Build.0 = Release|Any CPU
		{C5F7E91D-E26C-4ED7-B8DA-9076E4E7E1D0}.Default|Any CPU.ActiveCfg = Debug|Any CPU
		{C5F7E91D-E26C-4ED7-B8DA-9076E4E7E1D0}.Default|Any CPU.Build.0 = Debug|Any CPU
		{A0D89FDC-D204-44D9-8D80-63FE29A8ACD0}.Debug|Any CPU.ActiveCfg = Default|Any CPU
		{A0D89FDC-D204-44D9-8D80-63FE29A8ACD0}.Debug|Any CPU.Build.0 = Default|Any CPU
		{A0D89FDC-D204-44D9-8D80-63FE29A8ACD0}.Release|Any CPU.ActiveCfg = Default|Any CPU
		{A0D89FDC-D204-44D9-8D80-63FE29A8ACD0}.Release|Any CPU.Build.0 = Default|Any CPU
		{A0D89FDC-D204-44D9-8D80-63FE29A8ACD0}.Default|Any CPU.ActiveCfg = Default|Any CPU
		{A0D89FDC-D204-44D9-8D80-63FE29A8ACD0}.Default|Any CPU.Build.0 = Default|Any CPU
		{E2C2E7C5-6776-4812-9966-0E2945580518}.Debug|Any CPU.ActiveCfg = Debug|Any CPU
		{E2C2E7C5-6776-4812-9966-0E2945580518}.Debug|Any CPU.Build.0 = Debug|Any CPU
		{E2C2E7C5-6776-4812-9966-0E2945580518}.Release|Any CPU.ActiveCfg = Release|Any CPU
		{E2C2E7C5-6776-4812-9966-0E2945580518}.Release|Any CPU.Build.0 = Release|Any CPU
		{E2C2E7C5-6776-4812-9966-0E2945580518}.Default|Any CPU.ActiveCfg = Debug|Any CPU
		{E2C2E7C5-6776-4812-9966-0E2945580518}.Default|Any CPU.Build.0 = Debug|Any CPU
		{BAB5D4EC-E600-4551-B0FA-AF0559169B55}.Debug|Any CPU.ActiveCfg = Debug|Any CPU
		{BAB5D4EC-E600-4551-B0FA-AF0559169B55}.Debug|Any CPU.Build.0 = Debug|Any CPU
		{BAB5D4EC-E600-4551-B0FA-AF0559169B55}.Release|Any CPU.ActiveCfg = Release|Any CPU
		{BAB5D4EC-E600-4551-B0FA-AF0559169B55}.Release|Any CPU.Build.0 = Release|Any CPU
		{BAB5D4EC-E600-4551-B0FA-AF0559169B55}.Default|Any CPU.ActiveCfg = Debug|Any CPU
		{BAB5D4EC-E600-4551-B0FA-AF0559169B55}.Default|Any CPU.Build.0 = Debug|Any CPU
		{5BD97091-E9BB-4C98-A885-7797B4568AA7}.Debug|Any CPU.ActiveCfg = Debug|Any CPU
		{5BD97091-E9BB-4C98-A885-7797B4568AA7}.Debug|Any CPU.Build.0 = Debug|Any CPU
		{5BD97091-E9BB-4C98-A885-7797B4568AA7}.Release|Any CPU.ActiveCfg = Release|Any CPU
		{5BD97091-E9BB-4C98-A885-7797B4568AA7}.Release|Any CPU.Build.0 = Release|Any CPU
		{5BD97091-E9BB-4C98-A885-7797B4568AA7}.Default|Any CPU.ActiveCfg = Debug|Any CPU
		{5BD97091-E9BB-4C98-A885-7797B4568AA7}.Default|Any CPU.Build.0 = Debug|Any CPU
		{46F73CC3-6F28-488E-9966-BEC260830353}.Debug|Any CPU.ActiveCfg = Debug|Any CPU
		{46F73CC3-6F28-488E-9966-BEC260830353}.Debug|Any CPU.Build.0 = Debug|Any CPU
		{46F73CC3-6F28-488E-9966-BEC260830353}.Release|Any CPU.ActiveCfg = Release|Any CPU
		{46F73CC3-6F28-488E-9966-BEC260830353}.Release|Any CPU.Build.0 = Release|Any CPU
		{46F73CC3-6F28-488E-9966-BEC260830353}.Default|Any CPU.ActiveCfg = Debug|Any CPU
		{46F73CC3-6F28-488E-9966-BEC260830353}.Default|Any CPU.Build.0 = Debug|Any CPU
		{46611271-DF61-4A1D-BE32-04C2DA3DF9E1}.Debug|Any CPU.ActiveCfg = Debug|Any CPU
		{46611271-DF61-4A1D-BE32-04C2DA3DF9E1}.Debug|Any CPU.Build.0 = Debug|Any CPU
		{46611271-DF61-4A1D-BE32-04C2DA3DF9E1}.Release|Any CPU.ActiveCfg = Release|Any CPU
		{46611271-DF61-4A1D-BE32-04C2DA3DF9E1}.Release|Any CPU.Build.0 = Release|Any CPU
		{46611271-DF61-4A1D-BE32-04C2DA3DF9E1}.Default|Any CPU.ActiveCfg = Debug|Any CPU
		{46611271-DF61-4A1D-BE32-04C2DA3DF9E1}.Default|Any CPU.Build.0 = Debug|Any CPU
		{70460919-0FDB-46E1-BFBA-201BD4A42479}.Debug|Any CPU.ActiveCfg = Debug|Any CPU
		{70460919-0FDB-46E1-BFBA-201BD4A42479}.Debug|Any CPU.Build.0 = Debug|Any CPU
		{70460919-0FDB-46E1-BFBA-201BD4A42479}.Release|Any CPU.ActiveCfg = Release|Any CPU
		{70460919-0FDB-46E1-BFBA-201BD4A42479}.Release|Any CPU.Build.0 = Release|Any CPU
		{70460919-0FDB-46E1-BFBA-201BD4A42479}.Default|Any CPU.ActiveCfg = Debug|Any CPU
		{70460919-0FDB-46E1-BFBA-201BD4A42479}.Default|Any CPU.Build.0 = Debug|Any CPU
		{7B62D336-262B-4361-BB22-29FC8C9CD5A2}.Debug|Any CPU.ActiveCfg = Debug|Any CPU
		{7B62D336-262B-4361-BB22-29FC8C9CD5A2}.Debug|Any CPU.Build.0 = Debug|Any CPU
		{7B62D336-262B-4361-BB22-29FC8C9CD5A2}.Release|Any CPU.ActiveCfg = Release|Any CPU
		{7B62D336-262B-4361-BB22-29FC8C9CD5A2}.Release|Any CPU.Build.0 = Release|Any CPU
		{7B62D336-262B-4361-BB22-29FC8C9CD5A2}.Default|Any CPU.ActiveCfg = Debug|Any CPU
		{7B62D336-262B-4361-BB22-29FC8C9CD5A2}.Default|Any CPU.Build.0 = Debug|Any CPU
		{851F9E0A-DD47-49C3-9FE3-8A6409DC5409}.Debug|Any CPU.ActiveCfg = Debug|Any CPU
		{851F9E0A-DD47-49C3-9FE3-8A6409DC5409}.Debug|Any CPU.Build.0 = Debug|Any CPU
		{851F9E0A-DD47-49C3-9FE3-8A6409DC5409}.Release|Any CPU.ActiveCfg = Release|Any CPU
		{851F9E0A-DD47-49C3-9FE3-8A6409DC5409}.Release|Any CPU.Build.0 = Release|Any CPU
		{851F9E0A-DD47-49C3-9FE3-8A6409DC5409}.Default|Any CPU.ActiveCfg = Debug|Any CPU
		{851F9E0A-DD47-49C3-9FE3-8A6409DC5409}.Default|Any CPU.Build.0 = Debug|Any CPU
		{C6B40123-83F4-40DC-8547-AE480622ECDA}.Debug|Any CPU.ActiveCfg = Debug|Any CPU
		{C6B40123-83F4-40DC-8547-AE480622ECDA}.Debug|Any CPU.Build.0 = Debug|Any CPU
		{C6B40123-83F4-40DC-8547-AE480622ECDA}.Release|Any CPU.ActiveCfg = Release|Any CPU
		{C6B40123-83F4-40DC-8547-AE480622ECDA}.Release|Any CPU.Build.0 = Release|Any CPU
		{C6B40123-83F4-40DC-8547-AE480622ECDA}.Default|Any CPU.ActiveCfg = Debug|Any CPU
		{C6B40123-83F4-40DC-8547-AE480622ECDA}.Default|Any CPU.Build.0 = Debug|Any CPU
		{FB32DE22-C02F-41DD-9F6E-2A2676ECBBC6}.Debug|Any CPU.ActiveCfg = Debug|Any CPU
		{FB32DE22-C02F-41DD-9F6E-2A2676ECBBC6}.Debug|Any CPU.Build.0 = Debug|Any CPU
		{FB32DE22-C02F-41DD-9F6E-2A2676ECBBC6}.Release|Any CPU.ActiveCfg = Release|Any CPU
		{FB32DE22-C02F-41DD-9F6E-2A2676ECBBC6}.Release|Any CPU.Build.0 = Release|Any CPU
		{FB32DE22-C02F-41DD-9F6E-2A2676ECBBC6}.Default|Any CPU.ActiveCfg = Debug|Any CPU
		{FB32DE22-C02F-41DD-9F6E-2A2676ECBBC6}.Default|Any CPU.Build.0 = Debug|Any CPU
		{0587E330-CF98-489B-A810-427CCDE3D49C}.Debug|Any CPU.ActiveCfg = Debug|Any CPU
		{0587E330-CF98-489B-A810-427CCDE3D49C}.Debug|Any CPU.Build.0 = Debug|Any CPU
		{0587E330-CF98-489B-A810-427CCDE3D49C}.Release|Any CPU.ActiveCfg = Release|Any CPU
		{0587E330-CF98-489B-A810-427CCDE3D49C}.Release|Any CPU.Build.0 = Release|Any CPU
		{0587E330-CF98-489B-A810-427CCDE3D49C}.Default|Any CPU.ActiveCfg = Debug|Any CPU
		{0587E330-CF98-489B-A810-427CCDE3D49C}.Default|Any CPU.Build.0 = Debug|Any CPU
		{AFFF2B2A-7875-4476-BCE7-57F6AB1635D2}.Debug|Any CPU.ActiveCfg = Debug|Any CPU
		{AFFF2B2A-7875-4476-BCE7-57F6AB1635D2}.Debug|Any CPU.Build.0 = Debug|Any CPU
		{AFFF2B2A-7875-4476-BCE7-57F6AB1635D2}.Release|Any CPU.ActiveCfg = Release|Any CPU
		{AFFF2B2A-7875-4476-BCE7-57F6AB1635D2}.Release|Any CPU.Build.0 = Release|Any CPU
		{AFFF2B2A-7875-4476-BCE7-57F6AB1635D2}.Default|Any CPU.ActiveCfg = Debug|Any CPU
		{AFFF2B2A-7875-4476-BCE7-57F6AB1635D2}.Default|Any CPU.Build.0 = Debug|Any CPU
		{31BE9591-F959-4E1D-825A-F353886A5FB1}.Debug|Any CPU.ActiveCfg = Debug|Any CPU
		{31BE9591-F959-4E1D-825A-F353886A5FB1}.Debug|Any CPU.Build.0 = Debug|Any CPU
		{31BE9591-F959-4E1D-825A-F353886A5FB1}.Release|Any CPU.ActiveCfg = Release|Any CPU
		{31BE9591-F959-4E1D-825A-F353886A5FB1}.Release|Any CPU.Build.0 = Release|Any CPU
		{31BE9591-F959-4E1D-825A-F353886A5FB1}.Default|Any CPU.ActiveCfg = Debug|Any CPU
		{31BE9591-F959-4E1D-825A-F353886A5FB1}.Default|Any CPU.Build.0 = Debug|Any CPU
		{8125BC9B-AA79-47EA-A4E6-2C2E10683802}.Debug|Any CPU.ActiveCfg = Debug|Any CPU
		{8125BC9B-AA79-47EA-A4E6-2C2E10683802}.Debug|Any CPU.Build.0 = Debug|Any CPU
		{8125BC9B-AA79-47EA-A4E6-2C2E10683802}.Release|Any CPU.ActiveCfg = Release|Any CPU
		{8125BC9B-AA79-47EA-A4E6-2C2E10683802}.Release|Any CPU.Build.0 = Release|Any CPU
		{8125BC9B-AA79-47EA-A4E6-2C2E10683802}.Default|Any CPU.ActiveCfg = Debug|Any CPU
		{8125BC9B-AA79-47EA-A4E6-2C2E10683802}.Default|Any CPU.Build.0 = Debug|Any CPU
		{0789B59D-51D3-4BA2-A60F-E1B91F075109}.Debug|Any CPU.ActiveCfg = Debug|Any CPU
		{0789B59D-51D3-4BA2-A60F-E1B91F075109}.Debug|Any CPU.Build.0 = Debug|Any CPU
		{0789B59D-51D3-4BA2-A60F-E1B91F075109}.Release|Any CPU.ActiveCfg = Release|Any CPU
		{0789B59D-51D3-4BA2-A60F-E1B91F075109}.Release|Any CPU.Build.0 = Release|Any CPU
		{0789B59D-51D3-4BA2-A60F-E1B91F075109}.Default|Any CPU.ActiveCfg = Debug|Any CPU
		{0789B59D-51D3-4BA2-A60F-E1B91F075109}.Default|Any CPU.Build.0 = Debug|Any CPU
		{36A13F7B-A3A3-4DFA-BAD8-96568DBB1240}.Debug|Any CPU.ActiveCfg = Debug|Any CPU
		{36A13F7B-A3A3-4DFA-BAD8-96568DBB1240}.Debug|Any CPU.Build.0 = Debug|Any CPU
		{36A13F7B-A3A3-4DFA-BAD8-96568DBB1240}.Release|Any CPU.ActiveCfg = Release|Any CPU
		{36A13F7B-A3A3-4DFA-BAD8-96568DBB1240}.Release|Any CPU.Build.0 = Release|Any CPU
		{36A13F7B-A3A3-4DFA-BAD8-96568DBB1240}.Default|Any CPU.ActiveCfg = Debug|Any CPU
		{36A13F7B-A3A3-4DFA-BAD8-96568DBB1240}.Default|Any CPU.Build.0 = Debug|Any CPU
		{B97859B9-FA0F-4715-A9C6-A2CCF79C6DA2}.Debug|Any CPU.ActiveCfg = Debug|Any CPU
		{B97859B9-FA0F-4715-A9C6-A2CCF79C6DA2}.Debug|Any CPU.Build.0 = Debug|Any CPU
		{B97859B9-FA0F-4715-A9C6-A2CCF79C6DA2}.Release|Any CPU.ActiveCfg = Release|Any CPU
		{B97859B9-FA0F-4715-A9C6-A2CCF79C6DA2}.Release|Any CPU.Build.0 = Release|Any CPU
		{B97859B9-FA0F-4715-A9C6-A2CCF79C6DA2}.Default|Any CPU.ActiveCfg = Debug|Any CPU
		{B97859B9-FA0F-4715-A9C6-A2CCF79C6DA2}.Default|Any CPU.Build.0 = Debug|Any CPU
		{72F4F15A-C215-4062-B93B-DF8934324EA2}.Debug|Any CPU.ActiveCfg = Debug|Any CPU
		{72F4F15A-C215-4062-B93B-DF8934324EA2}.Debug|Any CPU.Build.0 = Debug|Any CPU
		{72F4F15A-C215-4062-B93B-DF8934324EA2}.Release|Any CPU.ActiveCfg = Release|Any CPU
		{72F4F15A-C215-4062-B93B-DF8934324EA2}.Release|Any CPU.Build.0 = Release|Any CPU
		{72F4F15A-C215-4062-B93B-DF8934324EA2}.Default|Any CPU.ActiveCfg = Debug|Any CPU
		{72F4F15A-C215-4062-B93B-DF8934324EA2}.Default|Any CPU.Build.0 = Debug|Any CPU
		{CC5BC42A-033A-4D93-B4C0-5180201E3641}.Debug|Any CPU.ActiveCfg = Debug|Any CPU
		{CC5BC42A-033A-4D93-B4C0-5180201E3641}.Debug|Any CPU.Build.0 = Debug|Any CPU
		{CC5BC42A-033A-4D93-B4C0-5180201E3641}.Release|Any CPU.ActiveCfg = Release|Any CPU
		{CC5BC42A-033A-4D93-B4C0-5180201E3641}.Release|Any CPU.Build.0 = Release|Any CPU
		{CC5BC42A-033A-4D93-B4C0-5180201E3641}.Default|Any CPU.ActiveCfg = Debug|Any CPU
		{CC5BC42A-033A-4D93-B4C0-5180201E3641}.Default|Any CPU.Build.0 = Debug|Any CPU
		{C694232F-40DD-4063-9E91-2832FAE5E993}.Debug|Any CPU.ActiveCfg = Debug|Any CPU
		{C694232F-40DD-4063-9E91-2832FAE5E993}.Debug|Any CPU.Build.0 = Debug|Any CPU
		{C694232F-40DD-4063-9E91-2832FAE5E993}.Release|Any CPU.ActiveCfg = Release|Any CPU
		{C694232F-40DD-4063-9E91-2832FAE5E993}.Release|Any CPU.Build.0 = Release|Any CPU
		{C694232F-40DD-4063-9E91-2832FAE5E993}.Default|Any CPU.ActiveCfg = Debug|Any CPU
		{C694232F-40DD-4063-9E91-2832FAE5E993}.Default|Any CPU.Build.0 = Debug|Any CPU
		{9EE11D46-2C64-4AC7-B16C-3439669090DB}.Debug|Any CPU.ActiveCfg = Debug|Any CPU
		{9EE11D46-2C64-4AC7-B16C-3439669090DB}.Debug|Any CPU.Build.0 = Debug|Any CPU
		{9EE11D46-2C64-4AC7-B16C-3439669090DB}.Release|Any CPU.ActiveCfg = Release|Any CPU
		{9EE11D46-2C64-4AC7-B16C-3439669090DB}.Release|Any CPU.Build.0 = Release|Any CPU
		{9EE11D46-2C64-4AC7-B16C-3439669090DB}.Default|Any CPU.ActiveCfg = Debug|Any CPU
		{9EE11D46-2C64-4AC7-B16C-3439669090DB}.Default|Any CPU.Build.0 = Debug|Any CPU
		{F35E89FC-B5F9-4D15-9B97-7ADB782EB1AA}.Debug|Any CPU.ActiveCfg = Debug|Any CPU
		{F35E89FC-B5F9-4D15-9B97-7ADB782EB1AA}.Debug|Any CPU.Build.0 = Debug|Any CPU
		{F35E89FC-B5F9-4D15-9B97-7ADB782EB1AA}.Release|Any CPU.ActiveCfg = Release|Any CPU
		{F35E89FC-B5F9-4D15-9B97-7ADB782EB1AA}.Release|Any CPU.Build.0 = Release|Any CPU
		{F35E89FC-B5F9-4D15-9B97-7ADB782EB1AA}.Default|Any CPU.ActiveCfg = Debug|Any CPU
		{F35E89FC-B5F9-4D15-9B97-7ADB782EB1AA}.Default|Any CPU.Build.0 = Debug|Any CPU
		{284FC83C-307D-409B-BECA-5AE1E65EAF50}.Debug|Any CPU.ActiveCfg = Debug|Any CPU
		{284FC83C-307D-409B-BECA-5AE1E65EAF50}.Debug|Any CPU.Build.0 = Debug|Any CPU
		{284FC83C-307D-409B-BECA-5AE1E65EAF50}.Release|Any CPU.ActiveCfg = Release|Any CPU
		{284FC83C-307D-409B-BECA-5AE1E65EAF50}.Release|Any CPU.Build.0 = Release|Any CPU
		{284FC83C-307D-409B-BECA-5AE1E65EAF50}.Default|Any CPU.ActiveCfg = Debug|Any CPU
		{284FC83C-307D-409B-BECA-5AE1E65EAF50}.Default|Any CPU.Build.0 = Debug|Any CPU
		{08F0194D-E1CE-441D-B9E0-7A1157A14585}.Debug|Any CPU.ActiveCfg = Debug|Any CPU
		{08F0194D-E1CE-441D-B9E0-7A1157A14585}.Debug|Any CPU.Build.0 = Debug|Any CPU
		{08F0194D-E1CE-441D-B9E0-7A1157A14585}.Release|Any CPU.ActiveCfg = Release|Any CPU
		{08F0194D-E1CE-441D-B9E0-7A1157A14585}.Release|Any CPU.Build.0 = Release|Any CPU
		{08F0194D-E1CE-441D-B9E0-7A1157A14585}.Default|Any CPU.ActiveCfg = Debug|Any CPU
		{08F0194D-E1CE-441D-B9E0-7A1157A14585}.Default|Any CPU.Build.0 = Debug|Any CPU
		{1A0E1FA6-23C9-45BC-AEF5-625C43DDAA22}.Debug|Any CPU.ActiveCfg = Debug|Any CPU
		{1A0E1FA6-23C9-45BC-AEF5-625C43DDAA22}.Debug|Any CPU.Build.0 = Debug|Any CPU
		{1A0E1FA6-23C9-45BC-AEF5-625C43DDAA22}.Release|Any CPU.ActiveCfg = Release|Any CPU
		{1A0E1FA6-23C9-45BC-AEF5-625C43DDAA22}.Release|Any CPU.Build.0 = Release|Any CPU
		{1A0E1FA6-23C9-45BC-AEF5-625C43DDAA22}.Default|Any CPU.ActiveCfg = Debug|Any CPU
		{1A0E1FA6-23C9-45BC-AEF5-625C43DDAA22}.Default|Any CPU.Build.0 = Debug|Any CPU
		{87FC949C-B08F-4D5C-BD94-2EBFCC10156E}.Debug|Any CPU.ActiveCfg = Debug|Any CPU
		{87FC949C-B08F-4D5C-BD94-2EBFCC10156E}.Debug|Any CPU.Build.0 = Debug|Any CPU
		{87FC949C-B08F-4D5C-BD94-2EBFCC10156E}.Release|Any CPU.ActiveCfg = Release|Any CPU
		{87FC949C-B08F-4D5C-BD94-2EBFCC10156E}.Release|Any CPU.Build.0 = Release|Any CPU
		{87FC949C-B08F-4D5C-BD94-2EBFCC10156E}.Default|Any CPU.ActiveCfg = Debug|Any CPU
		{87FC949C-B08F-4D5C-BD94-2EBFCC10156E}.Default|Any CPU.Build.0 = Debug|Any CPU
		{90678D17-8A69-43AD-95C3-09DE4503A1BC}.Debug|Any CPU.ActiveCfg = Debug|Any CPU
		{90678D17-8A69-43AD-95C3-09DE4503A1BC}.Debug|Any CPU.Build.0 = Debug|Any CPU
		{90678D17-8A69-43AD-95C3-09DE4503A1BC}.Release|Any CPU.ActiveCfg = Release|Any CPU
		{90678D17-8A69-43AD-95C3-09DE4503A1BC}.Release|Any CPU.Build.0 = Release|Any CPU
		{90678D17-8A69-43AD-95C3-09DE4503A1BC}.Default|Any CPU.ActiveCfg = Debug|Any CPU
		{90678D17-8A69-43AD-95C3-09DE4503A1BC}.Default|Any CPU.Build.0 = Debug|Any CPU
		{561559FD-6502-4E90-B86E-03578DDA9099}.Debug|Any CPU.ActiveCfg = Debug|Any CPU
		{561559FD-6502-4E90-B86E-03578DDA9099}.Debug|Any CPU.Build.0 = Debug|Any CPU
		{561559FD-6502-4E90-B86E-03578DDA9099}.Release|Any CPU.ActiveCfg = Release|Any CPU
		{561559FD-6502-4E90-B86E-03578DDA9099}.Release|Any CPU.Build.0 = Release|Any CPU
		{561559FD-6502-4E90-B86E-03578DDA9099}.Default|Any CPU.ActiveCfg = Debug|Any CPU
		{561559FD-6502-4E90-B86E-03578DDA9099}.Default|Any CPU.Build.0 = Debug|Any CPU
	EndGlobalSection
EndGlobal
